{
  "name": "100-movies",
  "version": "1.0.0",
  "lockfileVersion": 1,
  "requires": true,
  "dependencies": {
    "@fireworks-js/web": {
      "version": "2.8.0",
      "resolved": "https://registry.npmjs.org/@fireworks-js/web/-/web-2.8.0.tgz",
      "integrity": "sha512-f6jU0SxRq0cW9zbGumtbcSKUCD1IiHM9gJu0i/1xr0zLhHVxoyisAuKMiI5F6mXaaqCrF8WnkZK8BeH2giGvFg==",
      "requires": {
        "fireworks-js": "2.8.0"
      }
    },
    "fireworks-js": {
      "version": "2.8.0",
      "resolved": "https://registry.npmjs.org/fireworks-js/-/fireworks-js-2.8.0.tgz",
      "integrity": "sha512-lFTcC1wUJk0uS/s0heVgGcPEHnkkmYV/YnKK9Cna5awouljb1uVExg4Wrj9ULFxl7fe4Dcq3driPMc/WWzQP+Q=="
    }
  }
}
